
Microsoft Visual Studio Solution File, Format Version 12.00
# Visual Studio Version 17
VisualStudioVersion = 17.4.33110.190
MinimumVisualStudioVersion = 10.0.40219.1
Project("{FAE04EC0-301F-11D3-BF4B-00C04F79EFBC}") = "AddressBookSystemday9", "AddressBookSystemday9\AddressBookSystemday9.csproj", "{997B363B-9B60-4EE3-A319-8B5AE2369121}"
EndProject
Global
	GlobalSection(SolutionConfigurationPlatforms) = preSolution
		Debug|Any CPU = Debug|Any CPU
		Release|Any CPU = Release|Any CPU
	EndGlobalSection
	GlobalSection(ProjectConfigurationPlatforms) = postSolution
		{997B363B-9B60-4EE3-A319-8B5AE2369121}.Debug|Any CPU.ActiveCfg = Debug|Any CPU
		{997B363B-9B60-4EE3-A319-8B5AE2369121}.Debug|Any CPU.Build.0 = Debug|Any CPU
		{997B363B-9B60-4EE3-A319-8B5AE2369121}.Release|Any CPU.ActiveCfg = Release|Any CPU
		{997B363B-9B60-4EE3-A319-8B5AE2369121}.Release|Any CPU.Build.0 = Release|Any CPU
	EndGlobalSection
	GlobalSection(SolutionProperties) = preSolution
		HideSolutionNode = FALSE
	EndGlobalSection
	GlobalSection(ExtensibilityGlobals) = postSolution
		SolutionGuid = {C2CD8F7D-156C-4275-BCA0-F753C9B0B6EF}
	EndGlobalSection
EndGlobal
